
Microsoft Visual Studio Solution File, Format Version 12.00
# Visual Studio Version 17
VisualStudioVersion = 17.2.32210.308
MinimumVisualStudioVersion = 10.0.40219.1
Project("{9A19103F-16F7-4668-BE54-9A1E7A4F7556}") = "LB_23.02.2022", "LB23022022\LB_23.02.2022.csproj", "{645DBC4A-5B69-4BED-AEF6-30422236E05A}"
EndProject
Project("{9A19103F-16F7-4668-BE54-9A1E7A4F7556}") = "DZ_23.02.2022", "DZ_23.02.2022\DZ_23.02.2022.csproj", "{3C6E83C3-32D5-4208-BD09-AD92D710E8D7}"
EndProject
Project("{9A19103F-16F7-4668-BE54-9A1E7A4F7556}") = "LB_25.02.2022", "LB_25.02.2022\LB_25.02.2022.csproj", "{146C83DE-8DB4-489C-9833-CBF7BEBC5B37}"
EndProject
Project("{9A19103F-16F7-4668-BE54-9A1E7A4F7556}") = "DZ_25.02.2022", "DZ_25.02.2022\DZ_25.02.2022.csproj", "{3919D21E-7D8B-40B4-BCC6-041F820057BB}"
EndProject
Project("{9A19103F-16F7-4668-BE54-9A1E7A4F7556}") = "LB_16.03.2022", "LB_16.03.2022\LB_16.03.2022.csproj", "{FA05D572-B2AB-423B-A84C-F067349038D8}"
EndProject
Project("{9A19103F-16F7-4668-BE54-9A1E7A4F7556}") = "DZ_16.03.2022", "DZ_16.03.2022\DZ_16.03.2022.csproj", "{695C6FF3-66FD-4D7F-B97B-6915EAC5DFC2}"
EndProject
Project("{2150E333-8FDC-42A3-9474-1A3956D46DE8}") = "Solution Items", "Solution Items", "{0A61BC6D-28C6-4E08-8F89-8FC875D59620}"
	ProjectSection(SolutionItems) = preProject
		Примечание.txt = Примечание.txt
	EndProjectSection
EndProject
Project("{9A19103F-16F7-4668-BE54-9A1E7A4F7556}") = "LB_18.03.2022", "LB_18.03.2022\LB_18.03.2022.csproj", "{8B73481D-3CBE-443C-9708-5CE415F99114}"
EndProject
Project("{9A19103F-16F7-4668-BE54-9A1E7A4F7556}") = "DZ_18.03.2022", "DZ_18.03.2022\DZ_18.03.2022.csproj", "{6D0C6214-ADFF-4F54-8481-84DDDAE2E24B}"
EndProject
Project("{9A19103F-16F7-4668-BE54-9A1E7A4F7556}") = "MyClassLibrary", "MyClassLibrary\MyClassLibrary.csproj", "{05498BB1-789A-4EF7-83AE-931131629AC9}"
EndProject
Project("{9A19103F-16F7-4668-BE54-9A1E7A4F7556}") = "LB_21.03.2022", "LB_21.03.2022\LB_21.03.2022.csproj", "{A9967806-C565-4635-9636-7AC241A49156}"
EndProject
Project("{9A19103F-16F7-4668-BE54-9A1E7A4F7556}") = "DZ_21.03.2022", "DZ_21.03.2022\DZ_21.03.2022.csproj", "{0C5A9FFC-1B65-45B3-B5F9-8B27C2A0B421}"
EndProject
Project("{9A19103F-16F7-4668-BE54-9A1E7A4F7556}") = "DZ21032022ClassLibrary", "DZ21032022ClassLibrary\DZ21032022ClassLibrary.csproj", "{0536AE2A-A400-424D-94FF-71DD0D2A4D95}"
EndProject
Project("{9A19103F-16F7-4668-BE54-9A1E7A4F7556}") = "LB_23.03.2022", "LB_23.03.2022\LB_23.03.2022.csproj", "{6F85D1EB-0C89-4F62-9A09-85DA882E9881}"
EndProject
Project("{9A19103F-16F7-4668-BE54-9A1E7A4F7556}") = "DZ_23.03.2022", "DZ_23.03.2022\DZ_23.03.2022.csproj", "{4D6C98E2-166E-48FC-B752-0C10B7EAA821}"
EndProject
Project("{9A19103F-16F7-4668-BE54-9A1E7A4F7556}") = "LB_25.03.2022", "LB_25.03.2022\LB_25.03.2022.csproj", "{0F74DD91-324A-4FAD-9E55-E61952D9E3F1}"
EndProject
Project("{9A19103F-16F7-4668-BE54-9A1E7A4F7556}") = "DZ_25.03.2022", "DZ_25.03.2022\DZ_25.03.2022.csproj", "{B994AB69-50B8-4FDC-AA36-281035A84313}"
EndProject
Project("{9A19103F-16F7-4668-BE54-9A1E7A4F7556}") = "LB_28.03.2022", "LB_28.03.2022\LB_28.03.2022.csproj", "{5AC148C5-9A29-444C-A6FB-0C9A77971726}"
EndProject
Project("{9A19103F-16F7-4668-BE54-9A1E7A4F7556}") = "LB_30.03.2022", "LB_30.03.2022\LB_30.03.2022.csproj", "{B602152D-133A-4AD7-8411-D4382F4C454A}"
EndProject
Project("{9A19103F-16F7-4668-BE54-9A1E7A4F7556}") = "LB_01.04.2022", "LB_01.04.2022\LB_01.04.2022.csproj", "{835C1A59-AC48-438B-B0E6-43C128440FCA}"
EndProject
Project("{FAE04EC0-301F-11D3-BF4B-00C04F79EFBC}") = "DZ_01.04.2022", "DZ_01.04.2022\DZ_01.04.2022.csproj", "{71AF17BC-4A66-4E9C-8466-C871100AF5B1}"
EndProject
Global
	GlobalSection(SolutionConfigurationPlatforms) = preSolution
		Debug|Any CPU = Debug|Any CPU
		Release|Any CPU = Release|Any CPU
	EndGlobalSection
	GlobalSection(ProjectConfigurationPlatforms) = postSolution
		{645DBC4A-5B69-4BED-AEF6-30422236E05A}.Debug|Any CPU.ActiveCfg = Debug|Any CPU
		{645DBC4A-5B69-4BED-AEF6-30422236E05A}.Debug|Any CPU.Build.0 = Debug|Any CPU
		{645DBC4A-5B69-4BED-AEF6-30422236E05A}.Release|Any CPU.ActiveCfg = Release|Any CPU
		{645DBC4A-5B69-4BED-AEF6-30422236E05A}.Release|Any CPU.Build.0 = Release|Any CPU
		{3C6E83C3-32D5-4208-BD09-AD92D710E8D7}.Debug|Any CPU.ActiveCfg = Debug|Any CPU
		{3C6E83C3-32D5-4208-BD09-AD92D710E8D7}.Debug|Any CPU.Build.0 = Debug|Any CPU
		{3C6E83C3-32D5-4208-BD09-AD92D710E8D7}.Release|Any CPU.ActiveCfg = Release|Any CPU
		{3C6E83C3-32D5-4208-BD09-AD92D710E8D7}.Release|Any CPU.Build.0 = Release|Any CPU
		{146C83DE-8DB4-489C-9833-CBF7BEBC5B37}.Debug|Any CPU.ActiveCfg = Debug|Any CPU
		{146C83DE-8DB4-489C-9833-CBF7BEBC5B37}.Debug|Any CPU.Build.0 = Debug|Any CPU
		{146C83DE-8DB4-489C-9833-CBF7BEBC5B37}.Release|Any CPU.ActiveCfg = Release|Any CPU
		{146C83DE-8DB4-489C-9833-CBF7BEBC5B37}.Release|Any CPU.Build.0 = Release|Any CPU
		{3919D21E-7D8B-40B4-BCC6-041F820057BB}.Debug|Any CPU.ActiveCfg = Debug|Any CPU
		{3919D21E-7D8B-40B4-BCC6-041F820057BB}.Debug|Any CPU.Build.0 = Debug|Any CPU
		{3919D21E-7D8B-40B4-BCC6-041F820057BB}.Release|Any CPU.ActiveCfg = Release|Any CPU
		{3919D21E-7D8B-40B4-BCC6-041F820057BB}.Release|Any CPU.Build.0 = Release|Any CPU
		{FA05D572-B2AB-423B-A84C-F067349038D8}.Debug|Any CPU.ActiveCfg = Debug|Any CPU
		{FA05D572-B2AB-423B-A84C-F067349038D8}.Debug|Any CPU.Build.0 = Debug|Any CPU
		{FA05D572-B2AB-423B-A84C-F067349038D8}.Release|Any CPU.ActiveCfg = Release|Any CPU
		{FA05D572-B2AB-423B-A84C-F067349038D8}.Release|Any CPU.Build.0 = Release|Any CPU
		{695C6FF3-66FD-4D7F-B97B-6915EAC5DFC2}.Debug|Any CPU.ActiveCfg = Debug|Any CPU
		{695C6FF3-66FD-4D7F-B97B-6915EAC5DFC2}.Debug|Any CPU.Build.0 = Debug|Any CPU
		{695C6FF3-66FD-4D7F-B97B-6915EAC5DFC2}.Release|Any CPU.ActiveCfg = Release|Any CPU
		{695C6FF3-66FD-4D7F-B97B-6915EAC5DFC2}.Release|Any CPU.Build.0 = Release|Any CPU
		{8B73481D-3CBE-443C-9708-5CE415F99114}.Debug|Any CPU.ActiveCfg = Debug|Any CPU
		{8B73481D-3CBE-443C-9708-5CE415F99114}.Debug|Any CPU.Build.0 = Debug|Any CPU
		{8B73481D-3CBE-443C-9708-5CE415F99114}.Release|Any CPU.ActiveCfg = Release|Any CPU
		{8B73481D-3CBE-443C-9708-5CE415F99114}.Release|Any CPU.Build.0 = Release|Any CPU
		{6D0C6214-ADFF-4F54-8481-84DDDAE2E24B}.Debug|Any CPU.ActiveCfg = Debug|Any CPU
		{6D0C6214-ADFF-4F54-8481-84DDDAE2E24B}.Debug|Any CPU.Build.0 = Debug|Any CPU
		{6D0C6214-ADFF-4F54-8481-84DDDAE2E24B}.Release|Any CPU.ActiveCfg = Release|Any CPU
		{6D0C6214-ADFF-4F54-8481-84DDDAE2E24B}.Release|Any CPU.Build.0 = Release|Any CPU
		{05498BB1-789A-4EF7-83AE-931131629AC9}.Debug|Any CPU.ActiveCfg = Debug|Any CPU
		{05498BB1-789A-4EF7-83AE-931131629AC9}.Debug|Any CPU.Build.0 = Debug|Any CPU
		{05498BB1-789A-4EF7-83AE-931131629AC9}.Release|Any CPU.ActiveCfg = Release|Any CPU
		{05498BB1-789A-4EF7-83AE-931131629AC9}.Release|Any CPU.Build.0 = Release|Any CPU
		{A9967806-C565-4635-9636-7AC241A49156}.Debug|Any CPU.ActiveCfg = Debug|Any CPU
		{A9967806-C565-4635-9636-7AC241A49156}.Debug|Any CPU.Build.0 = Debug|Any CPU
		{A9967806-C565-4635-9636-7AC241A49156}.Release|Any CPU.ActiveCfg = Release|Any CPU
		{A9967806-C565-4635-9636-7AC241A49156}.Release|Any CPU.Build.0 = Release|Any CPU
		{0C5A9FFC-1B65-45B3-B5F9-8B27C2A0B421}.Debug|Any CPU.ActiveCfg = Debug|Any CPU
		{0C5A9FFC-1B65-45B3-B5F9-8B27C2A0B421}.Debug|Any CPU.Build.0 = Debug|Any CPU
		{0C5A9FFC-1B65-45B3-B5F9-8B27C2A0B421}.Release|Any CPU.ActiveCfg = Release|Any CPU
		{0C5A9FFC-1B65-45B3-B5F9-8B27C2A0B421}.Release|Any CPU.Build.0 = Release|Any CPU
		{0536AE2A-A400-424D-94FF-71DD0D2A4D95}.Debug|Any CPU.ActiveCfg = Debug|Any CPU
		{0536AE2A-A400-424D-94FF-71DD0D2A4D95}.Debug|Any CPU.Build.0 = Debug|Any CPU
		{0536AE2A-A400-424D-94FF-71DD0D2A4D95}.Release|Any CPU.ActiveCfg = Release|Any CPU
		{0536AE2A-A400-424D-94FF-71DD0D2A4D95}.Release|Any CPU.Build.0 = Release|Any CPU
		{6F85D1EB-0C89-4F62-9A09-85DA882E9881}.Debug|Any CPU.ActiveCfg = Debug|Any CPU
		{6F85D1EB-0C89-4F62-9A09-85DA882E9881}.Debug|Any CPU.Build.0 = Debug|Any CPU
		{6F85D1EB-0C89-4F62-9A09-85DA882E9881}.Release|Any CPU.ActiveCfg = Release|Any CPU
		{6F85D1EB-0C89-4F62-9A09-85DA882E9881}.Release|Any CPU.Build.0 = Release|Any CPU
		{4D6C98E2-166E-48FC-B752-0C10B7EAA821}.Debug|Any CPU.ActiveCfg = Debug|Any CPU
		{4D6C98E2-166E-48FC-B752-0C10B7EAA821}.Debug|Any CPU.Build.0 = Debug|Any CPU
		{4D6C98E2-166E-48FC-B752-0C10B7EAA821}.Release|Any CPU.ActiveCfg = Release|Any CPU
		{4D6C98E2-166E-48FC-B752-0C10B7EAA821}.Release|Any CPU.Build.0 = Release|Any CPU
		{0F74DD91-324A-4FAD-9E55-E61952D9E3F1}.Debug|Any CPU.ActiveCfg = Debug|Any CPU
		{0F74DD91-324A-4FAD-9E55-E61952D9E3F1}.Debug|Any CPU.Build.0 = Debug|Any CPU
		{0F74DD91-324A-4FAD-9E55-E61952D9E3F1}.Release|Any CPU.ActiveCfg = Release|Any CPU
		{0F74DD91-324A-4FAD-9E55-E61952D9E3F1}.Release|Any CPU.Build.0 = Release|Any CPU
		{B994AB69-50B8-4FDC-AA36-281035A84313}.Debug|Any CPU.ActiveCfg = Debug|Any CPU
		{B994AB69-50B8-4FDC-AA36-281035A84313}.Debug|Any CPU.Build.0 = Debug|Any CPU
		{B994AB69-50B8-4FDC-AA36-281035A84313}.Release|Any CPU.ActiveCfg = Release|Any CPU
		{B994AB69-50B8-4FDC-AA36-281035A84313}.Release|Any CPU.Build.0 = Release|Any CPU
		{5AC148C5-9A29-444C-A6FB-0C9A77971726}.Debug|Any CPU.ActiveCfg = Debug|Any CPU
		{5AC148C5-9A29-444C-A6FB-0C9A77971726}.Debug|Any CPU.Build.0 = Debug|Any CPU
		{5AC148C5-9A29-444C-A6FB-0C9A77971726}.Release|Any CPU.ActiveCfg = Release|Any CPU
		{5AC148C5-9A29-444C-A6FB-0C9A77971726}.Release|Any CPU.Build.0 = Release|Any CPU
		{B602152D-133A-4AD7-8411-D4382F4C454A}.Debug|Any CPU.ActiveCfg = Debug|Any CPU
		{B602152D-133A-4AD7-8411-D4382F4C454A}.Debug|Any CPU.Build.0 = Debug|Any CPU
		{B602152D-133A-4AD7-8411-D4382F4C454A}.Release|Any CPU.ActiveCfg = Release|Any CPU
		{B602152D-133A-4AD7-8411-D4382F4C454A}.Release|Any CPU.Build.0 = Release|Any CPU
		{835C1A59-AC48-438B-B0E6-43C128440FCA}.Debug|Any CPU.ActiveCfg = Debug|Any CPU
		{835C1A59-AC48-438B-B0E6-43C128440FCA}.Debug|Any CPU.Build.0 = Debug|Any CPU
		{835C1A59-AC48-438B-B0E6-43C128440FCA}.Release|Any CPU.ActiveCfg = Release|Any CPU
		{835C1A59-AC48-438B-B0E6-43C128440FCA}.Release|Any CPU.Build.0 = Release|Any CPU
		{71AF17BC-4A66-4E9C-8466-C871100AF5B1}.Debug|Any CPU.ActiveCfg = Debug|Any CPU
		{71AF17BC-4A66-4E9C-8466-C871100AF5B1}.Debug|Any CPU.Build.0 = Debug|Any CPU
		{71AF17BC-4A66-4E9C-8466-C871100AF5B1}.Release|Any CPU.ActiveCfg = Release|Any CPU
		{71AF17BC-4A66-4E9C-8466-C871100AF5B1}.Release|Any CPU.Build.0 = Release|Any CPU
	EndGlobalSection
	GlobalSection(SolutionProperties) = preSolution
		HideSolutionNode = FALSE
	EndGlobalSection
	GlobalSection(ExtensibilityGlobals) = postSolution
		SolutionGuid = {B9C87C3D-C7CC-4B55-A3DA-95235FE7DCEF}
	EndGlobalSection
EndGlobal
